
Microsoft Visual Studio Solution File, Format Version 12.00
# Visual Studio Version 17
VisualStudioVersion = 17.0.31903.59
MinimumVisualStudioVersion = 10.0.40219.1
Project("{FAE04EC0-301F-11D3-BF4B-00C04F79EFBC}") = "ElektronickePosudky.API", "src\ElektronickePosudky.API\ElektronickePosudky.API.csproj", "{C53B9DE4-75BB-4578-ACC1-2C9EF04A6679}"
EndProject
Project("{FAE04EC0-301F-11D3-BF4B-00C04F79EFBC}") = "ElektronickePosudky.Application", "src\ElektronickePosudky.Application\ElektronickePosudky.Application.csproj", "{9980FAF3-5482-4E56-9FBB-12916B4EAE0A}"
EndProject
Project("{FAE04EC0-301F-11D3-BF4B-00C04F79EFBC}") = "ElektronickePosudky.Infrastructure", "src\ElektronickePosudky.Infrastructure\ElektronickePosudky.Infrastructure.csproj", "{D6979ECC-E324-41D1-BEB1-AE77FDA1AA0C}"
EndProject
Project("{FAE04EC0-301F-11D3-BF4B-00C04F79EFBC}") = "ElektronickePosudky.Domain", "src\ElektronickePosudky.Domain\ElektronickePosudky.Domain.csproj", "{1FAD3396-5ED6-4278-A7A8-EA7C53BBEB62}"
EndProject
Project("{FAE04EC0-301F-11D3-BF4B-00C04F79EFBC}") = "ElektronickePosudky.Tests", "tests\ElektronickePosudky.Tests\ElektronickePosudky.Tests.csproj", "{70E574BD-448A-4B18-A757-70CBBD752DF3}"
EndProject
Global
	GlobalSection(SolutionConfigurationPlatforms) = preSolution
		Debug|Any CPU = Debug|Any CPU
		Debug|x64 = Debug|x64
		Debug|x86 = Debug|x86
		Release|Any CPU = Release|Any CPU
		Release|x64 = Release|x64
		Release|x86 = Release|x86
	EndGlobalSection
	GlobalSection(ProjectConfigurationPlatforms) = postSolution
		{C53B9DE4-75BB-4578-ACC1-2C9EF04A6679}.Debug|Any CPU.ActiveCfg = Debug|Any CPU
		{C53B9DE4-75BB-4578-ACC1-2C9EF04A6679}.Debug|Any CPU.Build.0 = Debug|Any CPU
		{C53B9DE4-75BB-4578-ACC1-2C9EF04A6679}.Debug|x64.ActiveCfg = Debug|Any CPU
		{C53B9DE4-75BB-4578-ACC1-2C9EF04A6679}.Debug|x64.Build.0 = Debug|Any CPU
		{C53B9DE4-75BB-4578-ACC1-2C9EF04A6679}.Debug|x86.ActiveCfg = Debug|Any CPU
		{C53B9DE4-75BB-4578-ACC1-2C9EF04A6679}.Debug|x86.Build.0 = Debug|Any CPU
		{C53B9DE4-75BB-4578-ACC1-2C9EF04A6679}.Release|Any CPU.ActiveCfg = Release|Any CPU
		{C53B9DE4-75BB-4578-ACC1-2C9EF04A6679}.Release|Any CPU.Build.0 = Release|Any CPU
		{C53B9DE4-75BB-4578-ACC1-2C9EF04A6679}.Release|x64.ActiveCfg = Release|Any CPU
		{C53B9DE4-75BB-4578-ACC1-2C9EF04A6679}.Release|x64.Build.0 = Release|Any CPU
		{C53B9DE4-75BB-4578-ACC1-2C9EF04A6679}.Release|x86.ActiveCfg = Release|Any CPU
		{C53B9DE4-75BB-4578-ACC1-2C9EF04A6679}.Release|x86.Build.0 = Release|Any CPU
		{9980FAF3-5482-4E56-9FBB-12916B4EAE0A}.Debug|Any CPU.ActiveCfg = Debug|Any CPU
		{9980FAF3-5482-4E56-9FBB-12916B4EAE0A}.Debug|Any CPU.Build.0 = Debug|Any CPU
		{9980FAF3-5482-4E56-9FBB-12916B4EAE0A}.Debug|x64.ActiveCfg = Debug|Any CPU
		{9980FAF3-5482-4E56-9FBB-12916B4EAE0A}.Debug|x64.Build.0 = Debug|Any CPU
		{9980FAF3-5482-4E56-9FBB-12916B4EAE0A}.Debug|x86.ActiveCfg = Debug|Any CPU
		{9980FAF3-5482-4E56-9FBB-12916B4EAE0A}.Debug|x86.Build.0 = Debug|Any CPU
		{9980FAF3-5482-4E56-9FBB-12916B4EAE0A}.Release|Any CPU.ActiveCfg = Release|Any CPU
		{9980FAF3-5482-4E56-9FBB-12916B4EAE0A}.Release|Any CPU.Build.0 = Release|Any CPU
		{9980FAF3-5482-4E56-9FBB-12916B4EAE0A}.Release|x64.ActiveCfg = Release|Any CPU
		{9980FAF3-5482-4E56-9FBB-12916B4EAE0A}.Release|x64.Build.0 = Release|Any CPU
		{9980FAF3-5482-4E56-9FBB-12916B4EAE0A}.Release|x86.ActiveCfg = Release|Any CPU
		{9980FAF3-5482-4E56-9FBB-12916B4EAE0A}.Release|x86.Build.0 = Release|Any CPU
		{D6979ECC-E324-41D1-BEB1-AE77FDA1AA0C}.Debug|Any CPU.ActiveCfg = Debug|Any CPU
		{D6979ECC-E324-41D1-BEB1-AE77FDA1AA0C}.Debug|Any CPU.Build.0 = Debug|Any CPU
		{D6979ECC-E324-41D1-BEB1-AE77FDA1AA0C}.Debug|x64.ActiveCfg = Debug|Any CPU
		{D6979ECC-E324-41D1-BEB1-AE77FDA1AA0C}.Debug|x64.Build.0 = Debug|Any CPU
		{D6979ECC-E324-41D1-BEB1-AE77FDA1AA0C}.Debug|x86.ActiveCfg = Debug|Any CPU
		{D6979ECC-E324-41D1-BEB1-AE77FDA1AA0C}.Debug|x86.Build.0 = Debug|Any CPU
		{D6979ECC-E324-41D1-BEB1-AE77FDA1AA0C}.Release|Any CPU.ActiveCfg = Release|Any CPU
		{D6979ECC-E324-41D1-BEB1-AE77FDA1AA0C}.Release|Any CPU.Build.0 = Release|Any CPU
		{D6979ECC-E324-41D1-BEB1-AE77FDA1AA0C}.Release|x64.ActiveCfg = Release|Any CPU
		{D6979ECC-E324-41D1-BEB1-AE77FDA1AA0C}.Release|x64.Build.0 = Release|Any CPU
		{D6979ECC-E324-41D1-BEB1-AE77FDA1AA0C}.Release|x86.ActiveCfg = Release|Any CPU
		{D6979ECC-E324-41D1-BEB1-AE77FDA1AA0C}.Release|x86.Build.0 = Release|Any CPU
		{70E574BD-448A-4B18-A757-70CBBD752DF3}.Debug|Any CPU.ActiveCfg = Debug|Any CPU
		{70E574BD-448A-4B18-A757-70CBBD752DF3}.Debug|Any CPU.Build.0 = Debug|Any CPU
		{70E574BD-448A-4B18-A757-70CBBD752DF3}.Debug|x64.ActiveCfg = Debug|Any CPU
		{70E574BD-448A-4B18-A757-70CBBD752DF3}.Debug|x64.Build.0 = Debug|Any CPU
		{70E574BD-448A-4B18-A757-70CBBD752DF3}.Debug|x86.ActiveCfg = Debug|Any CPU
		{70E574BD-448A-4B18-A757-70CBBD752DF3}.Debug|x86.Build.0 = Debug|Any CPU
		{70E574BD-448A-4B18-A757-70CBBD752DF3}.Release|Any CPU.ActiveCfg = Release|Any CPU
		{70E574BD-448A-4B18-A757-70CBBD752DF3}.Release|Any CPU.Build.0 = Release|Any CPU
		{70E574BD-448A-4B18-A757-70CBBD752DF3}.Release|x64.ActiveCfg = Release|Any CPU
		{70E574BD-448A-4B18-A757-70CBBD752DF3}.Release|x64.Build.0 = Release|Any CPU
		{70E574BD-448A-4B18-A757-70CBBD752DF3}.Release|x86.ActiveCfg = Release|Any CPU
		{70E574BD-448A-4B18-A757-70CBBD752DF3}.Release|x86.Build.0 = Release|Any CPU
		{1FAD3396-5ED6-4278-A7A8-EA7C53BBEB62}.Debug|Any CPU.ActiveCfg = Debug|Any CPU
		{1FAD3396-5ED6-4278-A7A8-EA7C53BBEB62}.Debug|Any CPU.Build.0 = Debug|Any CPU
		{1FAD3396-5ED6-4278-A7A8-EA7C53BBEB62}.Debug|x64.ActiveCfg = Debug|Any CPU
		{1FAD3396-5ED6-4278-A7A8-EA7C53BBEB62}.Debug|x64.Build.0 = Debug|Any CPU
		{1FAD3396-5ED6-4278-A7A8-EA7C53BBEB62}.Debug|x86.ActiveCfg = Debug|Any CPU
		{1FAD3396-5ED6-4278-A7A8-EA7C53BBEB62}.Debug|x86.Build.0 = Debug|Any CPU
		{1FAD3396-5ED6-4278-A7A8-EA7C53BBEB62}.Release|Any CPU.ActiveCfg = Release|Any CPU
		{1FAD3396-5ED6-4278-A7A8-EA7C53BBEB62}.Release|Any CPU.Build.0 = Release|Any CPU
		{1FAD3396-5ED6-4278-A7A8-EA7C53BBEB62}.Release|x64.ActiveCfg = Release|Any CPU
		{1FAD3396-5ED6-4278-A7A8-EA7C53BBEB62}.Release|x64.Build.0 = Release|Any CPU
		{1FAD3396-5ED6-4278-A7A8-EA7C53BBEB62}.Release|x86.ActiveCfg = Release|Any CPU
		{1FAD3396-5ED6-4278-A7A8-EA7C53BBEB62}.Release|x86.Build.0 = Release|Any CPU
	EndGlobalSection
	GlobalSection(SolutionProperties) = preSolution
		HideSolutionNode = FALSE
	EndGlobalSection
EndGlobal
